
Microsoft Visual Studio Solution File, Format Version 12.00
# Visual Studio Version 17
VisualStudioVersion = 17.1.32228.430
MinimumVisualStudioVersion = 10.0.40219.1
Project("{FAE04EC0-301F-11D3-BF4B-00C04F79EFBC}") = "ClassAndObjects", "ClassAndObjects\ClassAndObjects.csproj", "{7A50B307-0AE9-4793-851D-1CBD83069731}"
EndProject
Global
	GlobalSection(SolutionConfigurationPlatforms) = preSolution
		Debug|Any CPU = Debug|Any CPU
		Release|Any CPU = Release|Any CPU
	EndGlobalSection
	GlobalSection(ProjectConfigurationPlatforms) = postSolution
		{7A50B307-0AE9-4793-851D-1CBD83069731}.Debug|Any CPU.ActiveCfg = Debug|Any CPU
		{7A50B307-0AE9-4793-851D-1CBD83069731}.Debug|Any CPU.Build.0 = Debug|Any CPU
		{7A50B307-0AE9-4793-851D-1CBD83069731}.Release|Any CPU.ActiveCfg = Release|Any CPU
		{7A50B307-0AE9-4793-851D-1CBD83069731}.Release|Any CPU.Build.0 = Release|Any CPU
	EndGlobalSection
	GlobalSection(SolutionProperties) = preSolution
		HideSolutionNode = FALSE
	EndGlobalSection
	GlobalSection(ExtensibilityGlobals) = postSolution
		SolutionGuid = {9C3C5D3E-B7C4-46D6-B24D-14E48FDC057C}
	EndGlobalSection
EndGlobal
